
Microsoft Visual Studio Solution File, Format Version 12.00
# Visual Studio Version 17
VisualStudioVersion = 17.3.32901.215
MinimumVisualStudioVersion = 10.0.40219.1
Project("{FAE04EC0-301F-11D3-BF4B-00C04F79EFBC}") = "SpecFlowGoRestAPITest", "SpecFlowTest\SpecFlowGoRestAPITest.csproj", "{3A42C23A-92B4-41A0-B810-4685F6E2B2F6}"
EndProject
Project("{FAE04EC0-301F-11D3-BF4B-00C04F79EFBC}") = "Alex.GoRestProject", "Alex.GoRestProject\Alex.GoRestProject.csproj", "{B400B840-7FBF-4481-BF9B-AF38962D0991}"
EndProject
Global
	GlobalSection(SolutionConfigurationPlatforms) = preSolution
		Debug|Any CPU = Debug|Any CPU
		Release|Any CPU = Release|Any CPU
	EndGlobalSection
	GlobalSection(ProjectConfigurationPlatforms) = postSolution
		{3A42C23A-92B4-41A0-B810-4685F6E2B2F6}.Debug|Any CPU.ActiveCfg = Debug|Any CPU
		{3A42C23A-92B4-41A0-B810-4685F6E2B2F6}.Debug|Any CPU.Build.0 = Debug|Any CPU
		{3A42C23A-92B4-41A0-B810-4685F6E2B2F6}.Release|Any CPU.ActiveCfg = Release|Any CPU
		{3A42C23A-92B4-41A0-B810-4685F6E2B2F6}.Release|Any CPU.Build.0 = Release|Any CPU
		{B400B840-7FBF-4481-BF9B-AF38962D0991}.Debug|Any CPU.ActiveCfg = Debug|Any CPU
		{B400B840-7FBF-4481-BF9B-AF38962D0991}.Debug|Any CPU.Build.0 = Debug|Any CPU
		{B400B840-7FBF-4481-BF9B-AF38962D0991}.Release|Any CPU.ActiveCfg = Release|Any CPU
		{B400B840-7FBF-4481-BF9B-AF38962D0991}.Release|Any CPU.Build.0 = Release|Any CPU
	EndGlobalSection
	GlobalSection(SolutionProperties) = preSolution
		HideSolutionNode = FALSE
	EndGlobalSection
	GlobalSection(ExtensibilityGlobals) = postSolution
		SolutionGuid = {18A2C0CE-881D-4E6E-BF03-DB4D21A0A27D}
	EndGlobalSection
EndGlobal
